{
  "name": "gen-test-check-time",
  "version": "1.0.0",
  "lockfileVersion": 3,
  "requires": true,
  "packages": {
    "": {
      "name": "gen-test-check-time",
      "version": "1.0.0",
      "license": "ISC",
      "dependencies": {
        "gen-check-time": "^1.0.0"
      }
    },
    "node_modules/gen-check-time": {
      "version": "1.0.0",
      "resolved": "https://registry.npmjs.org/gen-check-time/-/gen-check-time-1.0.0.tgz",
      "integrity": "sha512-OG01v4CCOehCuoIFAW0yL6tuJhj75hYCQcnjzTvWnHgJ/9cZ2S+WpE8ylycBENLW5xx/MlzxgJgdjSugcpz/dw=="
    }
  }
}
